
Microsoft Visual Studio Solution File, Format Version 12.00
# Visual Studio Version 16
VisualStudioVersion = 16.0.30717.126
MinimumVisualStudioVersion = 10.0.40219.1
Project("{9A19103F-16F7-4668-BE54-9A1E7A4F7556}") = "NewsAggregatorMain", "NewsAggregatorMain\NewsAggregatorMain.csproj", "{433B0626-A255-4771-AC43-B08947FE6A04}"
EndProject
Project("{9A19103F-16F7-4668-BE54-9A1E7A4F7556}") = "Entities", "Domain\Entities.csproj", "{27EAA895-40A7-4B37-82B1-7D39ADC6AC55}"
EndProject
Project("{2150E333-8FDC-42A3-9474-1A3956D46DE8}") = "DAL(DataAccessLayer)", "DAL(DataAccessLayer)", "{B3985BCA-3585-4581-BE4E-A96AD3305B07}"
EndProject
Project("{2150E333-8FDC-42A3-9474-1A3956D46DE8}") = "BusinessLogicLayer", "BusinessLogicLayer", "{170F76CB-F604-4862-8288-C1772F60D4A4}"
EndProject
Project("{2150E333-8FDC-42A3-9474-1A3956D46DE8}") = "PresintationLayer", "PresintationLayer", "{9D7FB8F2-B0B8-440B-986E-014441944DAD}"
EndProject
Project("{9A19103F-16F7-4668-BE54-9A1E7A4F7556}") = "Contracts", "RepositoriesInterfaces\Contracts.csproj", "{FBE84C73-A635-42F5-867E-B33E85AD0D63}"
EndProject
Project("{9A19103F-16F7-4668-BE54-9A1E7A4F7556}") = "Repositories", "RepositoryBase\Repositories.csproj", "{48BCDCD3-1E14-4DF3-A083-EA6AE71FBF0D}"
EndProject
Project("{9A19103F-16F7-4668-BE54-9A1E7A4F7556}") = "NewsAgregator.Services", "NewsAgregator.Servises\NewsAgregator.Services.csproj", "{EFF92DD2-8F93-42B1-B7D3-0D3E29807E5D}"
EndProject
Project("{9A19103F-16F7-4668-BE54-9A1E7A4F7556}") = "Services", "NewsServices\Services.csproj", "{9AC755CC-032C-4463-AD52-50B6C7DCC4B7}"
EndProject
Global
	GlobalSection(SolutionConfigurationPlatforms) = preSolution
		Debug|Any CPU = Debug|Any CPU
		Release|Any CPU = Release|Any CPU
	EndGlobalSection
	GlobalSection(ProjectConfigurationPlatforms) = postSolution
		{433B0626-A255-4771-AC43-B08947FE6A04}.Debug|Any CPU.ActiveCfg = Debug|Any CPU
		{433B0626-A255-4771-AC43-B08947FE6A04}.Debug|Any CPU.Build.0 = Debug|Any CPU
		{433B0626-A255-4771-AC43-B08947FE6A04}.Release|Any CPU.ActiveCfg = Release|Any CPU
		{433B0626-A255-4771-AC43-B08947FE6A04}.Release|Any CPU.Build.0 = Release|Any CPU
		{27EAA895-40A7-4B37-82B1-7D39ADC6AC55}.Debug|Any CPU.ActiveCfg = Debug|Any CPU
		{27EAA895-40A7-4B37-82B1-7D39ADC6AC55}.Debug|Any CPU.Build.0 = Debug|Any CPU
		{27EAA895-40A7-4B37-82B1-7D39ADC6AC55}.Release|Any CPU.ActiveCfg = Release|Any CPU
		{27EAA895-40A7-4B37-82B1-7D39ADC6AC55}.Release|Any CPU.Build.0 = Release|Any CPU
		{FBE84C73-A635-42F5-867E-B33E85AD0D63}.Debug|Any CPU.ActiveCfg = Debug|Any CPU
		{FBE84C73-A635-42F5-867E-B33E85AD0D63}.Debug|Any CPU.Build.0 = Debug|Any CPU
		{FBE84C73-A635-42F5-867E-B33E85AD0D63}.Release|Any CPU.ActiveCfg = Release|Any CPU
		{FBE84C73-A635-42F5-867E-B33E85AD0D63}.Release|Any CPU.Build.0 = Release|Any CPU
		{48BCDCD3-1E14-4DF3-A083-EA6AE71FBF0D}.Debug|Any CPU.ActiveCfg = Debug|Any CPU
		{48BCDCD3-1E14-4DF3-A083-EA6AE71FBF0D}.Debug|Any CPU.Build.0 = Debug|Any CPU
		{48BCDCD3-1E14-4DF3-A083-EA6AE71FBF0D}.Release|Any CPU.ActiveCfg = Release|Any CPU
		{48BCDCD3-1E14-4DF3-A083-EA6AE71FBF0D}.Release|Any CPU.Build.0 = Release|Any CPU
		{EFF92DD2-8F93-42B1-B7D3-0D3E29807E5D}.Debug|Any CPU.ActiveCfg = Debug|Any CPU
		{EFF92DD2-8F93-42B1-B7D3-0D3E29807E5D}.Debug|Any CPU.Build.0 = Debug|Any CPU
		{EFF92DD2-8F93-42B1-B7D3-0D3E29807E5D}.Release|Any CPU.ActiveCfg = Release|Any CPU
		{EFF92DD2-8F93-42B1-B7D3-0D3E29807E5D}.Release|Any CPU.Build.0 = Release|Any CPU
		{9AC755CC-032C-4463-AD52-50B6C7DCC4B7}.Debug|Any CPU.ActiveCfg = Debug|Any CPU
		{9AC755CC-032C-4463-AD52-50B6C7DCC4B7}.Debug|Any CPU.Build.0 = Debug|Any CPU
		{9AC755CC-032C-4463-AD52-50B6C7DCC4B7}.Release|Any CPU.ActiveCfg = Release|Any CPU
		{9AC755CC-032C-4463-AD52-50B6C7DCC4B7}.Release|Any CPU.Build.0 = Release|Any CPU
	EndGlobalSection
	GlobalSection(SolutionProperties) = preSolution
		HideSolutionNode = FALSE
	EndGlobalSection
	GlobalSection(NestedProjects) = preSolution
		{27EAA895-40A7-4B37-82B1-7D39ADC6AC55} = {B3985BCA-3585-4581-BE4E-A96AD3305B07}
		{FBE84C73-A635-42F5-867E-B33E85AD0D63} = {B3985BCA-3585-4581-BE4E-A96AD3305B07}
		{48BCDCD3-1E14-4DF3-A083-EA6AE71FBF0D} = {B3985BCA-3585-4581-BE4E-A96AD3305B07}
		{EFF92DD2-8F93-42B1-B7D3-0D3E29807E5D} = {170F76CB-F604-4862-8288-C1772F60D4A4}
		{9AC755CC-032C-4463-AD52-50B6C7DCC4B7} = {B3985BCA-3585-4581-BE4E-A96AD3305B07}
	EndGlobalSection
	GlobalSection(ExtensibilityGlobals) = postSolution
		SolutionGuid = {58D15C9A-D706-4BDB-8F86-5D458F2E4469}
	EndGlobalSection
EndGlobal
